// !$*UTF8*$!
{
	archiveVersion = 1;
	classes = {
	};
	objectVersion = 46;
	objects = {

/* Begin PBXBuildFile section */
		24FE16211D2E85F600F976A4 /* main.m in Sources */ = {isa = PBXBuildFile; fileRef = 24FE16201D2E85F600F976A4 /* main.m */; };
		24FE16241D2E85F600F976A4 /* AppDelegate.m in Sources */ = {isa = PBXBuildFile; fileRef = 24FE16231D2E85F600F976A4 /* AppDelegate.m */; };
		24FE16271D2E85F600F976A4 /* ViewController.m in Sources */ = {isa = PBXBuildFile; fileRef = 24FE16261D2E85F600F976A4 /* ViewController.m */; };
		24FE162A1D2E85F600F976A4 /* Main.storyboard in Resources */ = {isa = PBXBuildFile; fileRef = 24FE16281D2E85F600F976A4 /* Main.storyboard */; };
		24FE162C1D2E85F600F976A4 /* Assets.xcassets in Resources */ = {isa = PBXBuildFile; fileRef = 24FE162B1D2E85F600F976A4 /* Assets.xcassets */; };
		24FE162F1D2E85F600F976A4 /* LaunchScreen.storyboard in Resources */ = {isa = PBXBuildFile; fileRef = 24FE162D1D2E85F600F976A4 /* LaunchScreen.storyboard */; };
/* End PBXBuildFile section */

/* Begin PBXFileReference section */
		24FE161C1D2E85F600F976A4 /* test.app */ = {isa = PBXFileReference; explicitFileType = wrapper.application; includeInIndex = 0; path = test.app; sourceTree = BUILT_PRODUCTS_DIR; };
		24FE16201D2E85F600F976A4 /* main.m */ = {isa = PBXFileReference; lastKnownFileType = sourcecode.c.objc; path = main.m; sourceTree = "<group>"; };
		24FE16221D2E85F600F976A4 /* AppDelegate.h */ = {isa = PBXFileReference; lastKnownFileType = sourcecode.c.h; path = AppDelegate.h; sourceTree = "<group>"; };
		24FE16231D2E85F600F976A4 /* AppDelegate.m */ = {isa = PBXFileReference; lastKnownFileType = sourcecode.c.objc; path = AppDelegate.m; sourceTree = "<group>"; };
		24FE16251D2E85F600F976A4 /* ViewController.h */ = {isa = PBXFileReference; lastKnownFileType = sourcecode.c.h; path = ViewController.h; sourceTree = "<group>"; };
		24FE16261D2E85F600F976A4 /* ViewController.m */ = {isa = PBXFileReference; lastKnownFileType = sourcecode.c.objc; path = ViewController.m; sourceTree = "<group>"; };
		24FE16291D2E85F600F976A4 /* Base */ = {isa = PBXFileReference; lastKnownFileType = file.storyboard; name = Base; path = Base.lproj/Main.storyboard; sourceTree = "<group>"; };
		24FE162B1D2E85F600F976A4 /* Assets.xcassets */ = {isa = PBXFileReference; lastKnownFileType = folder.assetcatalog; path = Assets.xcassets; sourceTree = "<group>"; };
		24FE162E1D2E85F600F976A4 /* Base */ = {isa = PBXFileReference; lastKnownFileType = file.storyboard; name = Base; path = Base.lproj/LaunchScreen.storyboard; sourceTree = "<group>"; };
		24FE16301D2E85F600F976A4 /* Info.plist */ = {isa = PBXFileReference; lastKnownFileType = text.plist.xml; path = Info.plist; sourceTree = "<group>"; };
/* End PBXFileReference section */

/* Begin PBXFrameworksBuildPhase section */
		24FE16191D2E85F600F976A4 /* Frameworks */ = {
			isa = PBXFrameworksBuildPhase;
			buildActionMask = 2147483647;
			files = (
			);
			runOnlyForDeploymentPostprocessing = 0;
		};
/* End PBXFrameworksBuildPhase section */

/* Begin PBXGroup section */
		24FE16131D2E85F600F976A4 = {
			isa = PBXGroup;
			children = (
				24FE161E1D2E85F600F976A4 /* test */,
				24FE161D1D2E85F600F976A4 /* Products */,
			);
			sourceTree = "<group>";
		};
		24FE161D1D2E85F600F976A4 /* Products */ = {
			isa = PBXGroup;
			children = (
				24FE161C1D2E85F600F976A4 /* test.app */,
			);
			name = Products;
			sourceTree = "<group>";
		};
		24FE161E1D2E85F600F976A4 /* test */ = {
			isa = PBXGroup;
			children = (
				24FE16221D2E85F600F976A4 /* AppDelegate.h */,
				24FE16231D2E85F600F976A4 /* AppDelegate.m */,
				24FE16251D2E85F600F976A4 /* ViewController.h */,
				24FE16261D2E85F600F976A4 /* ViewController.m */,
				24FE16281D2E85F600F976A4 /* Main.storyboard */,
				24FE162B1D2E85F600F976A4 /* Assets.xcassets */,
				24FE162D1D2E85F600F976A4 /* LaunchScreen.storyboard */,
				24FE16301D2E85F600F976A4 /* Info.plist */,
				24FE161F1D2E85F600F976A4 /* Supporting Files */,
			);
			path = test;
			sourceTree = "<group>";
		};
		24FE161F1D2E85F600F976A4 /* Supporting Files */ = {
			isa = PBXGroup;
			children = (
				24FE16201D2E85F600F976A4 /* main.m */,
			);
			name = "Supporting Files";
			sourceTree = "<group>";
		};
/* End PBXGroup section */

/* Begin PBXNativeTarget section */
		24FE161B1D2E85F600F976A4 /* test */ = {
			isa = PBXNativeTarget;
			buildConfigurationList = 24FE16331D2E85F600F976A4 /* Build configuration list for PBXNativeTarget "test" */;
			buildPhases = (
				24FE16181D2E85F600F976A4 /* Sources */,
				24FE16191D2E85F600F976A4 /* Frameworks */,
				24FE161A1D2E85F600F976A4 /* Resources */,
			);
			buildRules = (
			);
			dependencies = (
			);
			name = test;
			productName = test;
			productReference = 24FE161C1D2E85F600F976A4 /* test.app */;
			productType = "com.apple.product-type.application";
		};
/* End PBXNativeTarget section */

/* Begin PBXProject section */
		24FE16141D2E85F600F976A4 /* Project object */ = {
			isa = PBXProject;
			attributes = {
				LastUpgradeCheck = 0720;
				ORGANIZATIONNAME = TangZhiHui;
				TargetAttributes = {
					24FE161B1D2E85F600F976A4 = {
						CreatedOnToolsVersion = 7.2.1;
					};
				};
			};
			buildConfigurationList = 24FE16171D2E85F600F976A4 /* Build configuration list for PBXProject "test" */;
			compatibilityVersion = "Xcode 3.2";
			developmentRegion = English;
			hasScannedForEncodings = 0;
			knownRegions = (
				en,
				Base,
			);
			mainGroup = 24FE16131D2E85F600F976A4;
			productRefGroup = 24FE161D1D2E85F600F976A4 /* Products */;
			projectDirPath = "";
			projectRoot = "";
			targets = (
				24FE161B1D2E85F600F976A4 /* test */,
			);
		};
/* End PBXProject section */

/* Begin PBXResourcesBuildPhase section */
		24FE161A1D2E85F600F976A4 /* Resources */ = {
			isa = PBXResourcesBuildPhase;
			buildActionMask = 2147483647;
			files = (
				24FE162F1D2E85F600F976A4 /* LaunchScreen.storyboard in Resources */,
				24FE162C1D2E85F600F976A4 /* Assets.xcassets in Resources */,
				24FE162A1D2E85F600F976A4 /* Main.storyboard in Resources */,
			);
			runOnlyForDeploymentPostprocessing = 0;
		};
/* End PBXResourcesBuildPhase section */

/* Begin PBXSourcesBuildPhase section */
		24FE16181D2E85F600F976A4 /* Sources */ = {
			isa = PBXSourcesBuildPhase;
			buildActionMask = 2147483647;
			files = (
				24FE16271D2E85F600F976A4 /* ViewController.m in Sources */,
				24FE16241D2E85F600F976A4 /* AppDelegate.m in Sources */,
				24FE16211D2E85F600F976A4 /* main.m in Sources */,
			);
			runOnlyForDeploymentPostprocessing = 0;
		};
/* End PBXSourcesBuildPhase section */

/* Begin PBXVariantGroup section */
		24FE16281D2E85F600F976A4 /* Main.storyboard */ = {
			isa = PBXVariantGroup;
			children = (
				24FE16291D2E85F600F976A4 /* Base */,
			);
			name = Main.storyboard;
			sourceTree = "<group>";
		};
		24FE162D1D2E85F600F976A4 /* LaunchScreen.storyboard */ = {
			isa = PBXVariantGroup;
			children = (
				24FE162E1D2E85F600F976A4 /* Base */,
			);
			name = LaunchScreen.storyboard;
			sourceTree = "<group>";
		};
/* End PBXVariantGroup section */

/* Begin XCBuildConfiguration section */
		24FE16311D2E85F600F976A4 /* Debug */ = {
			isa = XCBuildConfiguration;
			buildSettings = {
				ALWAYS_SEARCH_USER_PATHS = NO;
				CLANG_CXX_LANGUAGE_STANDARD = "gnu++0x";
				CLANG_CXX_LIBRARY = "libc++";
				CLANG_ENABLE_MODULES = YES;
				CLANG_ENABLE_OBJC_ARC = YES;
				CLANG_WARN_BOOL_CONVERSION = YES;
				CLANG_WARN_CONSTANT_CONVERSION = YES;
				CLANG_WARN_DIRECT_OBJC_ISA_USAGE = YES_ERROR;
				CLANG_WARN_EMPTY_BODY = YES;
				CLANG_WARN_ENUM_CONVERSION = YES;
				CLANG_WARN_INT_CONVERSION = YES;
				CLANG_WARN_OBJC_ROOT_CLASS = YES_ERROR;
				CLANG_WARN_UNREACHABLE_CODE = YES;
				CLANG_WARN__DUPLICATE_METHOD_MATCH = YES;
				"CODE_SIGN_IDENTITY[sdk=iphoneos*]" = "iPhone Developer";
				COPY_PHASE_STRIP = NO;
				DEBUG_INFORMATION_FORMAT = dwarf;
				ENABLE_STRICT_OBJC_MSGSEND = YES;
				ENABLE_TESTABILITY = YES;
				GCC_C_LANGUAGE_STANDARD = gnu99;
				GCC_DYNAMIC_NO_PIC = NO;
				GCC_NO_COMMON_BLOCKS = YES;
				GCC_OPTIMIZATION_LEVEL = 0;
				GCC_PREPROCESSOR_DEFINITIONS = (
					"DEBUG=1",
					"$(inherited)",
				);
				GCC_WARN_64_TO_32_BIT_CONVERSION = YES;
				GCC_WARN_ABOUT_RETURN_TYPE = YES_ERROR;
				GCC_WARN_UNDECLARED_SELECTOR = YES;
				GCC_WARN_UNINITIALIZED_AUTOS = YES_AGGRESSIVE;
				GCC_WARN_UNUSED_FUNCTION = YES;
				GCC_WARN_UNUSED_VARIABLE = YES;
				IPHONEOS_DEPLOYMENT_TARGET = 9.2;
				MTL_ENABLE_DEBUG_INFO = YES;
				ONLY_ACTIVE_ARCH = YES;
				SDKROOT = iphoneos;
			};
			name = Debug;
		};
		24FE16321D2E85F600F976A4 /* Release */ = {
			isa = XCBuildConfiguration;
			buildSettings = {
				ALWAYS_SEARCH_USER_PATHS = NO;
				CLANG_CXX_LANGUAGE_STANDARD = "gnu++0x";
				CLANG_CXX_LIBRARY = "libc++";
				CLANG_ENABLE_MODULES = YES;
				CLANG_ENABLE_OBJC_ARC = YES;
				CLANG_WARN_BOOL_CONVERSION = YES;
				CLANG_WARN_CONSTANT_CONVERSION = YES;
				CLANG_WARN_DIRECT_OBJC_ISA_USAGE = YES_ERROR;
				CLANG_WARN_EMPTY_BODY = YES;
				CLANG_WARN_ENUM_CONVERSION = YES;
				CLANG_WARN_INT_CONVERSION = YES;
				CLANG_WARN_OBJC_ROOT_CLASS = YES_ERROR;
				CLANG_WARN_UNREACHABLE_CODE = YES;
				CLANG_WARN__DUPLICATE_METHOD_MATCH = YES;
				"CODE_SIGN_IDENTITY[sdk=iphoneos*]" = "iPhone Developer";
				COPY_PHASE_STRIP = NO;
				DEBUG_INFORMATION_FORMAT = "dwarf-with-dsym";
				ENABLE_NS_ASSERTIONS = NO;
				ENABLE_STRICT_OBJC_MSGSEND = YES;
				GCC_C_LANGUAGE_STANDARD = gnu99;
				GCC_NO_COMMON_BLOCKS = YES;
				GCC_WARN_64_TO_32_BIT_CONVERSION = YES;
				GCC_WARN_ABOUT_RETURN_TYPE = YES_ERROR;
				GCC_WARN_UNDECLARED_SELECTOR = YES;
				GCC_WARN_UNINITIALIZED_AUTOS = YES_AGGRESSIVE;
				GCC_WARN_UNUSED_FUNCTION = YES;
				GCC_WARN_UNUSED_VARIABLE = YES;
				IPHONEOS_DEPLOYMENT_TARGET = 9.2;
				MTL_ENABLE_DEBUG_INFO = NO;
				SDKROOT = iphoneos;
				VALIDATE_PRODUCT = YES;
			};
			name = Release;
		};
		24FE16341D2E85F600F976A4 /* Debug */ = {
			isa = XCBuildConfiguration;
			buildSettings = {
				ASSETCATALOG_COMPILER_APPICON_NAME = AppIcon;
				INFOPLIST_FILE = test/Info.plist;
				LD_RUNPATH_SEARCH_PATHS = "$(inherited) @executable_path/Frameworks";
				PRODUCT_BUNDLE_IDENTIFIER = com.toafrica.four.test;
				PRODUCT_NAME = "$(TARGET_NAME)";
			};
			name = Debug;
		};
		24FE16351D2E85F600F976A4 /* Release */ = {
			isa = XCBuildConfiguration;
			buildSettings = {
				ASSETCATALOG_COMPILER_APPICON_NAME = AppIcon;
				INFOPLIST_FILE = test/Info.plist;
				LD_RUNPATH_SEARCH_PATHS = "$(inherited) @executable_path/Frameworks";
				PRODUCT_BUNDLE_IDENTIFIER = com.toafrica.four.test;
				PRODUCT_NAME = "$(TARGET_NAME)";
			};
			name = Release;
		};
/* End XCBuildConfiguration section */

/* Begin XCConfigurationList section */
		24FE16171D2E85F600F976A4 /* Build configuration list for PBXProject "test" */ = {
			isa = XCConfigurationList;
			buildConfigurations = (
				24FE16311D2E85F600F976A4 /* Debug */,
				24FE16321D2E85F600F976A4 /* Release */,
			);
			defaultConfigurationIsVisible = 0;
			defaultConfigurationName = Release;
		};
		24FE16331D2E85F600F976A4 /* Build configuration list for PBXNativeTarget "test" */ = {
			isa = XCConfigurationList;
			buildConfigurations = (
				24FE16341D2E85F600F976A4 /* Debug */,
				24FE16351D2E85F600F976A4 /* Release */,
			);
			defaultConfigurationIsVisible = 0;
		};
/* End XCConfigurationList section */
	};
	rootObject = 24FE16141D2E85F600F976A4 /* Project object */;
}
